github.com/cristalhq/jwt v1.2.0 h1:fHmMkFJvEbS4o04aQP8BmtJg7fqkYvd7r8er3sUdS4Q=
github.com/cristalhq/jwt v1.2.0/go.mod h1:QQFazsDzoqeucUEEV0h16uPTZXBAi2SVA8cQ9JEDuFw=
github.com/cristalhq/jwt/v3 v3.1.0 h1:iLeL9VzB0SCtjCy9Kg53rMwTcrNm+GHyVcz2eUujz6s=
github.com/cristalhq/jwt/v3 v3.1.0/go.mod h1:XOnIXst8ozq/esy5N1XOlSyQqBd+84fxJ99FK+1jgL8=
github.com/gorilla/mux v1.8.0 h1:i40aqfkR1h2SlN9hojwV5ZA91wcXFOvkdNIeFDP5koI=
github.com/gorilla/mux v1.8.0/go.mod h1:DVbg23sWSpFRCP0SfiEN6jmj59UnW/n46BH5rLB71So=
